
Microsoft Visual Studio Solution File, Format Version 11.00
# Visual Studio 2010
Project("{F184B08F-C81C-45F6-A57F-5ABD9991F28F}") = "iCopy", "iCopy\iCopy.vbproj", "{8DD45AEF-2DB2-435B-80EB-0DDA857842EC}"
EndProject
Project("{FAE04EC0-301F-11D3-BF4B-00C04F79EFBC}") = "PDFWriter", "PDFWriter\PDFWriter.csproj", "{A7400A6F-1809-4C4A-B604-1FAC6123C6B8}"
EndProject
Global
	GlobalSection(SubversionScc) = preSolution
		Svn-Managed = True
		Manager = AnkhSVN - Subversion Support for Visual Studio
	EndGlobalSection
	GlobalSection(SolutionConfigurationPlatforms) = preSolution
		Debug|Any CPU = Debug|Any CPU
		Debug|x64 = Debug|x64
		Debug|x86 = Debug|x86
		Release|Any CPU = Release|Any CPU
		Release|x64 = Release|x64
		Release|x86 = Release|x86
	EndGlobalSection
	GlobalSection(ProjectConfigurationPlatforms) = postSolution
		{8DD45AEF-2DB2-435B-80EB-0DDA857842EC}.Debug|Any CPU.ActiveCfg = Debug|Any CPU
		{8DD45AEF-2DB2-435B-80EB-0DDA857842EC}.Debug|Any CPU.Build.0 = Debug|Any CPU
		{8DD45AEF-2DB2-435B-80EB-0DDA857842EC}.Debug|x64.ActiveCfg = Debug|x64
		{8DD45AEF-2DB2-435B-80EB-0DDA857842EC}.Debug|x64.Build.0 = Debug|x64
		{8DD45AEF-2DB2-435B-80EB-0DDA857842EC}.Debug|x86.ActiveCfg = Debug|x86
		{8DD45AEF-2DB2-435B-80EB-0DDA857842EC}.Debug|x86.Build.0 = Debug|x86
		{8DD45AEF-2DB2-435B-80EB-0DDA857842EC}.Release|Any CPU.ActiveCfg = Release|Any CPU
		{8DD45AEF-2DB2-435B-80EB-0DDA857842EC}.Release|Any CPU.Build.0 = Release|Any CPU
		{8DD45AEF-2DB2-435B-80EB-0DDA857842EC}.Release|x64.ActiveCfg = Release|x64
		{8DD45AEF-2DB2-435B-80EB-0DDA857842EC}.Release|x64.Build.0 = Release|x64
		{8DD45AEF-2DB2-435B-80EB-0DDA857842EC}.Release|x86.ActiveCfg = Release|x86
		{8DD45AEF-2DB2-435B-80EB-0DDA857842EC}.Release|x86.Build.0 = Release|x86
		{A7400A6F-1809-4C4A-B604-1FAC6123C6B8}.Debug|Any CPU.ActiveCfg = Debug|Any CPU
		{A7400A6F-1809-4C4A-B604-1FAC6123C6B8}.Debug|Any CPU.Build.0 = Debug|Any CPU
		{A7400A6F-1809-4C4A-B604-1FAC6123C6B8}.Debug|x64.ActiveCfg = Debug|Any CPU
		{A7400A6F-1809-4C4A-B604-1FAC6123C6B8}.Debug|x86.ActiveCfg = Debug|Any CPU
		{A7400A6F-1809-4C4A-B604-1FAC6123C6B8}.Release|Any CPU.ActiveCfg = Release|Any CPU
		{A7400A6F-1809-4C4A-B604-1FAC6123C6B8}.Release|Any CPU.Build.0 = Release|Any CPU
		{A7400A6F-1809-4C4A-B604-1FAC6123C6B8}.Release|x64.ActiveCfg = Release|Any CPU
		{A7400A6F-1809-4C4A-B604-1FAC6123C6B8}.Release|x86.ActiveCfg = Release|Any CPU
	EndGlobalSection
	GlobalSection(SolutionProperties) = preSolution
		HideSolutionNode = FALSE
	EndGlobalSection
EndGlobal
